
Microsoft Visual Studio Solution File, Format Version 12.00
# Visual Studio Version 17
VisualStudioVersion = 17.2.32210.308
MinimumVisualStudioVersion = 10.0.40219.1
Project("{9A19103F-16F7-4668-BE54-9A1E7A4F7556}") = "Bootstrap", "source\Bootstrap\Bootstrap.csproj", "{E7112C73-ABAA-4266-B710-361F70463EB1}"
EndProject
Project("{9A19103F-16F7-4668-BE54-9A1E7A4F7556}") = "Bootstrap.Abstraction", "source\Bootstrap.Abstraction\Bootstrap.Abstraction.csproj", "{C094B4F9-179C-49AE-989C-68E6A5CEFE19}"
EndProject
Project("{9A19103F-16F7-4668-BE54-9A1E7A4F7556}") = "Bootstrap.Serilog", "source\Bootstrap.Serilog\Bootstrap.Serilog.csproj", "{A8E3D0A8-892F-4C0F-A1DA-9E965C83A156}"
EndProject
Project("{9A19103F-16F7-4668-BE54-9A1E7A4F7556}") = "Bootstrap.Interception", "source\Bootstrap.Interception\Bootstrap.Interception.csproj", "{86028E5C-3C83-46FD-AA30-C351A991DB97}"
EndProject
Project("{9A19103F-16F7-4668-BE54-9A1E7A4F7556}") = "Bootstrap.MVVM", "source\Bootstrap.MVVM\Bootstrap.MVVM.csproj", "{59082777-4FA0-4CAF-B715-18A61EA2BA70}"
EndProject
Project("{9A19103F-16F7-4668-BE54-9A1E7A4F7556}") = "Bootstrap.Test", "test\Bootstrap.Test\Bootstrap.Test.csproj", "{5ED229F8-7139-4349-828E-B788109D0FB2}"
EndProject
Project("{9A19103F-16F7-4668-BE54-9A1E7A4F7556}") = "Bootstrap.MsDi", "source\Bootstrap.MsDi\Bootstrap.MsDi.csproj", "{F47C12DD-1589-4D23-AEFA-630794756406}"
EndProject
Project("{2150E333-8FDC-42A3-9474-1A3956D46DE8}") = "Bootstrapper", "Bootstrapper", "{CBCC11E4-144D-437A-AF2D-4329938D651D}"
EndProject
Project("{9A19103F-16F7-4668-BE54-9A1E7A4F7556}") = "Bootstrap.MultiStart", "source\Bootstrap.MultiStart\Bootstrap.MultiStart.csproj", "{8947F1CA-60C9-43E3-A6D2-908D2DC37206}"
EndProject
Project("{2150E333-8FDC-42A3-9474-1A3956D46DE8}") = "Samples", "Samples", "{9BA9D1EA-99C5-4941-940B-62D7FDB51DF8}"
EndProject
Project("{FAE04EC0-301F-11D3-BF4B-00C04F79EFBC}") = "Bootstrap.SampleModule", "sample\Bootstrap.SampleModule\Bootstrap.SampleModule.csproj", "{87D79385-BA91-4E02-8269-AC1AEAE8D066}"
EndProject
Project("{FAE04EC0-301F-11D3-BF4B-00C04F79EFBC}") = "Bootstrap.SampleConsole", "sample\Bootstrap.SampleConsole\Bootstrap.SampleConsole.csproj", "{53D5975C-E5BB-4EC9-9C77-E73C76DE5994}"
EndProject
Project("{FAE04EC0-301F-11D3-BF4B-00C04F79EFBC}") = "Bootstrap.SampleModule.UI", "sample\Bootstrap.SampleModule.UI\Bootstrap.SampleModule.UI.csproj", "{0F799E24-BCEE-4F76-9CA2-AC9ACB630F85}"
EndProject
Project("{FAE04EC0-301F-11D3-BF4B-00C04F79EFBC}") = "Bootstrap.SampleWpf", "sample\Bootstrap.SampleWpf\Bootstrap.SampleWpf.csproj", "{D1DA6986-DD30-484C-BC68-516EAE748C41}"
EndProject
Project("{FAE04EC0-301F-11D3-BF4B-00C04F79EFBC}") = "Bootstrap.SampleUwp", "sample\Bootstrap.SampleUwp\Bootstrap.SampleUwp.csproj", "{1D66093C-897B-4CB3-B6CF-31FBE7B26212}"
EndProject
Project("{FAE04EC0-301F-11D3-BF4B-00C04F79EFBC}") = "Bootstrap.SampleAndorid", "sample\Bootstrap.SampleAndorid\Bootstrap.SampleAndorid.csproj", "{1A637CFD-5583-44AC-8CB5-94575AE898C2}"
EndProject
Project("{FAE04EC0-301F-11D3-BF4B-00C04F79EFBC}") = "Bootstrap.ArgParser", "source\Bootstrap.ArgParser\Bootstrap.ArgParser.csproj", "{F8091B5A-DBE2-4516-9904-7C22E58E7317}"
EndProject
Global
	GlobalSection(SolutionConfigurationPlatforms) = preSolution
		Debug|Any CPU = Debug|Any CPU
		Debug|ARM = Debug|ARM
		Debug|ARM64 = Debug|ARM64
		Debug|x64 = Debug|x64
		Debug|x86 = Debug|x86
		Release|Any CPU = Release|Any CPU
		Release|ARM = Release|ARM
		Release|ARM64 = Release|ARM64
		Release|x64 = Release|x64
		Release|x86 = Release|x86
	EndGlobalSection
	GlobalSection(ProjectConfigurationPlatforms) = postSolution
		{E7112C73-ABAA-4266-B710-361F70463EB1}.Debug|Any CPU.ActiveCfg = Debug|Any CPU
		{E7112C73-ABAA-4266-B710-361F70463EB1}.Debug|Any CPU.Build.0 = Debug|Any CPU
		{E7112C73-ABAA-4266-B710-361F70463EB1}.Debug|ARM.ActiveCfg = Debug|Any CPU
		{E7112C73-ABAA-4266-B710-361F70463EB1}.Debug|ARM.Build.0 = Debug|Any CPU
		{E7112C73-ABAA-4266-B710-361F70463EB1}.Debug|ARM64.ActiveCfg = Debug|Any CPU
		{E7112C73-ABAA-4266-B710-361F70463EB1}.Debug|ARM64.Build.0 = Debug|Any CPU
		{E7112C73-ABAA-4266-B710-361F70463EB1}.Debug|x64.ActiveCfg = Debug|Any CPU
		{E7112C73-ABAA-4266-B710-361F70463EB1}.Debug|x64.Build.0 = Debug|Any CPU
		{E7112C73-ABAA-4266-B710-361F70463EB1}.Debug|x86.ActiveCfg = Debug|Any CPU
		{E7112C73-ABAA-4266-B710-361F70463EB1}.Debug|x86.Build.0 = Debug|Any CPU
		{E7112C73-ABAA-4266-B710-361F70463EB1}.Release|Any CPU.ActiveCfg = Release|Any CPU
		{E7112C73-ABAA-4266-B710-361F70463EB1}.Release|Any CPU.Build.0 = Release|Any CPU
		{E7112C73-ABAA-4266-B710-361F70463EB1}.Release|ARM.ActiveCfg = Release|Any CPU
		{E7112C73-ABAA-4266-B710-361F70463EB1}.Release|ARM.Build.0 = Release|Any CPU
		{E7112C73-ABAA-4266-B710-361F70463EB1}.Release|ARM64.ActiveCfg = Release|Any CPU
		{E7112C73-ABAA-4266-B710-361F70463EB1}.Release|ARM64.Build.0 = Release|Any CPU
		{E7112C73-ABAA-4266-B710-361F70463EB1}.Release|x64.ActiveCfg = Release|Any CPU
		{E7112C73-ABAA-4266-B710-361F70463EB1}.Release|x64.Build.0 = Release|Any CPU
		{E7112C73-ABAA-4266-B710-361F70463EB1}.Release|x86.ActiveCfg = Release|Any CPU
		{E7112C73-ABAA-4266-B710-361F70463EB1}.Release|x86.Build.0 = Release|Any CPU
		{C094B4F9-179C-49AE-989C-68E6A5CEFE19}.Debug|Any CPU.ActiveCfg = Debug|Any CPU
		{C094B4F9-179C-49AE-989C-68E6A5CEFE19}.Debug|Any CPU.Build.0 = Debug|Any CPU
		{C094B4F9-179C-49AE-989C-68E6A5CEFE19}.Debug|ARM.ActiveCfg = Debug|Any CPU
		{C094B4F9-179C-49AE-989C-68E6A5CEFE19}.Debug|ARM.Build.0 = Debug|Any CPU
		{C094B4F9-179C-49AE-989C-68E6A5CEFE19}.Debug|ARM64.ActiveCfg = Debug|Any CPU
		{C094B4F9-179C-49AE-989C-68E6A5CEFE19}.Debug|ARM64.Build.0 = Debug|Any CPU
		{C094B4F9-179C-49AE-989C-68E6A5CEFE19}.Debug|x64.ActiveCfg = Debug|Any CPU
		{C094B4F9-179C-49AE-989C-68E6A5CEFE19}.Debug|x64.Build.0 = Debug|Any CPU
		{C094B4F9-179C-49AE-989C-68E6A5CEFE19}.Debug|x86.ActiveCfg = Debug|Any CPU
		{C094B4F9-179C-49AE-989C-68E6A5CEFE19}.Debug|x86.Build.0 = Debug|Any CPU
		{C094B4F9-179C-49AE-989C-68E6A5CEFE19}.Release|Any CPU.ActiveCfg = Release|Any CPU
		{C094B4F9-179C-49AE-989C-68E6A5CEFE19}.Release|Any CPU.Build.0 = Release|Any CPU
		{C094B4F9-179C-49AE-989C-68E6A5CEFE19}.Release|ARM.ActiveCfg = Release|Any CPU
		{C094B4F9-179C-49AE-989C-68E6A5CEFE19}.Release|ARM.Build.0 = Release|Any CPU
		{C094B4F9-179C-49AE-989C-68E6A5CEFE19}.Release|ARM64.ActiveCfg = Release|Any CPU
		{C094B4F9-179C-49AE-989C-68E6A5CEFE19}.Release|ARM64.Build.0 = Release|Any CPU
		{C094B4F9-179C-49AE-989C-68E6A5CEFE19}.Release|x64.ActiveCfg = Release|Any CPU
		{C094B4F9-179C-49AE-989C-68E6A5CEFE19}.Release|x64.Build.0 = Release|Any CPU
		{C094B4F9-179C-49AE-989C-68E6A5CEFE19}.Release|x86.ActiveCfg = Release|Any CPU
		{C094B4F9-179C-49AE-989C-68E6A5CEFE19}.Release|x86.Build.0 = Release|Any CPU
		{A8E3D0A8-892F-4C0F-A1DA-9E965C83A156}.Debug|Any CPU.ActiveCfg = Debug|Any CPU
		{A8E3D0A8-892F-4C0F-A1DA-9E965C83A156}.Debug|Any CPU.Build.0 = Debug|Any CPU
		{A8E3D0A8-892F-4C0F-A1DA-9E965C83A156}.Debug|ARM.ActiveCfg = Debug|Any CPU
		{A8E3D0A8-892F-4C0F-A1DA-9E965C83A156}.Debug|ARM.Build.0 = Debug|Any CPU
		{A8E3D0A8-892F-4C0F-A1DA-9E965C83A156}.Debug|ARM64.ActiveCfg = Debug|Any CPU
		{A8E3D0A8-892F-4C0F-A1DA-9E965C83A156}.Debug|ARM64.Build.0 = Debug|Any CPU
		{A8E3D0A8-892F-4C0F-A1DA-9E965C83A156}.Debug|x64.ActiveCfg = Debug|Any CPU
		{A8E3D0A8-892F-4C0F-A1DA-9E965C83A156}.Debug|x64.Build.0 = Debug|Any CPU
		{A8E3D0A8-892F-4C0F-A1DA-9E965C83A156}.Debug|x86.ActiveCfg = Debug|Any CPU
		{A8E3D0A8-892F-4C0F-A1DA-9E965C83A156}.Debug|x86.Build.0 = Debug|Any CPU
		{A8E3D0A8-892F-4C0F-A1DA-9E965C83A156}.Release|Any CPU.ActiveCfg = Release|Any CPU
		{A8E3D0A8-892F-4C0F-A1DA-9E965C83A156}.Release|Any CPU.Build.0 = Release|Any CPU
		{A8E3D0A8-892F-4C0F-A1DA-9E965C83A156}.Release|ARM.ActiveCfg = Release|Any CPU
		{A8E3D0A8-892F-4C0F-A1DA-9E965C83A156}.Release|ARM.Build.0 = Release|Any CPU
		{A8E3D0A8-892F-4C0F-A1DA-9E965C83A156}.Release|ARM64.ActiveCfg = Release|Any CPU
		{A8E3D0A8-892F-4C0F-A1DA-9E965C83A156}.Release|ARM64.Build.0 = Release|Any CPU
		{A8E3D0A8-892F-4C0F-A1DA-9E965C83A156}.Release|x64.ActiveCfg = Release|Any CPU
		{A8E3D0A8-892F-4C0F-A1DA-9E965C83A156}.Release|x64.Build.0 = Release|Any CPU
		{A8E3D0A8-892F-4C0F-A1DA-9E965C83A156}.Release|x86.ActiveCfg = Release|Any CPU
		{A8E3D0A8-892F-4C0F-A1DA-9E965C83A156}.Release|x86.Build.0 = Release|Any CPU
		{86028E5C-3C83-46FD-AA30-C351A991DB97}.Debug|Any CPU.ActiveCfg = Debug|Any CPU
		{86028E5C-3C83-46FD-AA30-C351A991DB97}.Debug|Any CPU.Build.0 = Debug|Any CPU
		{86028E5C-3C83-46FD-AA30-C351A991DB97}.Debug|ARM.ActiveCfg = Debug|Any CPU
		{86028E5C-3C83-46FD-AA30-C351A991DB97}.Debug|ARM.Build.0 = Debug|Any CPU
		{86028E5C-3C83-46FD-AA30-C351A991DB97}.Debug|ARM64.ActiveCfg = Debug|Any CPU
		{86028E5C-3C83-46FD-AA30-C351A991DB97}.Debug|ARM64.Build.0 = Debug|Any CPU
		{86028E5C-3C83-46FD-AA30-C351A991DB97}.Debug|x64.ActiveCfg = Debug|Any CPU
		{86028E5C-3C83-46FD-AA30-C351A991DB97}.Debug|x64.Build.0 = Debug|Any CPU
		{86028E5C-3C83-46FD-AA30-C351A991DB97}.Debug|x86.ActiveCfg = Debug|Any CPU
		{86028E5C-3C83-46FD-AA30-C351A991DB97}.Debug|x86.Build.0 = Debug|Any CPU
		{86028E5C-3C83-46FD-AA30-C351A991DB97}.Release|Any CPU.ActiveCfg = Release|Any CPU
		{86028E5C-3C83-46FD-AA30-C351A991DB97}.Release|Any CPU.Build.0 = Release|Any CPU
		{86028E5C-3C83-46FD-AA30-C351A991DB97}.Release|ARM.ActiveCfg = Release|Any CPU
		{86028E5C-3C83-46FD-AA30-C351A991DB97}.Release|ARM.Build.0 = Release|Any CPU
		{86028E5C-3C83-46FD-AA30-C351A991DB97}.Release|ARM64.ActiveCfg = Release|Any CPU
		{86028E5C-3C83-46FD-AA30-C351A991DB97}.Release|ARM64.Build.0 = Release|Any CPU
		{86028E5C-3C83-46FD-AA30-C351A991DB97}.Release|x64.ActiveCfg = Release|Any CPU
		{86028E5C-3C83-46FD-AA30-C351A991DB97}.Release|x64.Build.0 = Release|Any CPU
		{86028E5C-3C83-46FD-AA30-C351A991DB97}.Release|x86.ActiveCfg = Release|Any CPU
		{86028E5C-3C83-46FD-AA30-C351A991DB97}.Release|x86.Build.0 = Release|Any CPU
		{59082777-4FA0-4CAF-B715-18A61EA2BA70}.Debug|Any CPU.ActiveCfg = Debug|Any CPU
		{59082777-4FA0-4CAF-B715-18A61EA2BA70}.Debug|Any CPU.Build.0 = Debug|Any CPU
		{59082777-4FA0-4CAF-B715-18A61EA2BA70}.Debug|ARM.ActiveCfg = Debug|Any CPU
		{59082777-4FA0-4CAF-B715-18A61EA2BA70}.Debug|ARM.Build.0 = Debug|Any CPU
		{59082777-4FA0-4CAF-B715-18A61EA2BA70}.Debug|ARM64.ActiveCfg = Debug|Any CPU
		{59082777-4FA0-4CAF-B715-18A61EA2BA70}.Debug|ARM64.Build.0 = Debug|Any CPU
		{59082777-4FA0-4CAF-B715-18A61EA2BA70}.Debug|x64.ActiveCfg = Debug|Any CPU
		{59082777-4FA0-4CAF-B715-18A61EA2BA70}.Debug|x64.Build.0 = Debug|Any CPU
		{59082777-4FA0-4CAF-B715-18A61EA2BA70}.Debug|x86.ActiveCfg = Debug|Any CPU
		{59082777-4FA0-4CAF-B715-18A61EA2BA70}.Debug|x86.Build.0 = Debug|Any CPU
		{59082777-4FA0-4CAF-B715-18A61EA2BA70}.Release|Any CPU.ActiveCfg = Release|Any CPU
		{59082777-4FA0-4CAF-B715-18A61EA2BA70}.Release|Any CPU.Build.0 = Release|Any CPU
		{59082777-4FA0-4CAF-B715-18A61EA2BA70}.Release|ARM.ActiveCfg = Release|Any CPU
		{59082777-4FA0-4CAF-B715-18A61EA2BA70}.Release|ARM.Build.0 = Release|Any CPU
		{59082777-4FA0-4CAF-B715-18A61EA2BA70}.Release|ARM64.ActiveCfg = Release|Any CPU
		{59082777-4FA0-4CAF-B715-18A61EA2BA70}.Release|ARM64.Build.0 = Release|Any CPU
		{59082777-4FA0-4CAF-B715-18A61EA2BA70}.Release|x64.ActiveCfg = Release|Any CPU
		{59082777-4FA0-4CAF-B715-18A61EA2BA70}.Release|x64.Build.0 = Release|Any CPU
		{59082777-4FA0-4CAF-B715-18A61EA2BA70}.Release|x86.ActiveCfg = Release|Any CPU
		{59082777-4FA0-4CAF-B715-18A61EA2BA70}.Release|x86.Build.0 = Release|Any CPU
		{5ED229F8-7139-4349-828E-B788109D0FB2}.Debug|Any CPU.ActiveCfg = Debug|Any CPU
		{5ED229F8-7139-4349-828E-B788109D0FB2}.Debug|Any CPU.Build.0 = Debug|Any CPU
		{5ED229F8-7139-4349-828E-B788109D0FB2}.Debug|ARM.ActiveCfg = Debug|Any CPU
		{5ED229F8-7139-4349-828E-B788109D0FB2}.Debug|ARM.Build.0 = Debug|Any CPU
		{5ED229F8-7139-4349-828E-B788109D0FB2}.Debug|ARM64.ActiveCfg = Debug|Any CPU
		{5ED229F8-7139-4349-828E-B788109D0FB2}.Debug|ARM64.Build.0 = Debug|Any CPU
		{5ED229F8-7139-4349-828E-B788109D0FB2}.Debug|x64.ActiveCfg = Debug|Any CPU
		{5ED229F8-7139-4349-828E-B788109D0FB2}.Debug|x64.Build.0 = Debug|Any CPU
		{5ED229F8-7139-4349-828E-B788109D0FB2}.Debug|x86.ActiveCfg = Debug|Any CPU
		{5ED229F8-7139-4349-828E-B788109D0FB2}.Debug|x86.Build.0 = Debug|Any CPU
		{5ED229F8-7139-4349-828E-B788109D0FB2}.Release|Any CPU.ActiveCfg = Release|Any CPU
		{5ED229F8-7139-4349-828E-B788109D0FB2}.Release|Any CPU.Build.0 = Release|Any CPU
		{5ED229F8-7139-4349-828E-B788109D0FB2}.Release|ARM.ActiveCfg = Release|Any CPU
		{5ED229F8-7139-4349-828E-B788109D0FB2}.Release|ARM.Build.0 = Release|Any CPU
		{5ED229F8-7139-4349-828E-B788109D0FB2}.Release|ARM64.ActiveCfg = Release|Any CPU
		{5ED229F8-7139-4349-828E-B788109D0FB2}.Release|ARM64.Build.0 = Release|Any CPU
		{5ED229F8-7139-4349-828E-B788109D0FB2}.Release|x64.ActiveCfg = Release|Any CPU
		{5ED229F8-7139-4349-828E-B788109D0FB2}.Release|x64.Build.0 = Release|Any CPU
		{5ED229F8-7139-4349-828E-B788109D0FB2}.Release|x86.ActiveCfg = Release|Any CPU
		{5ED229F8-7139-4349-828E-B788109D0FB2}.Release|x86.Build.0 = Release|Any CPU
		{F47C12DD-1589-4D23-AEFA-630794756406}.Debug|Any CPU.ActiveCfg = Debug|Any CPU
		{F47C12DD-1589-4D23-AEFA-630794756406}.Debug|Any CPU.Build.0 = Debug|Any CPU
		{F47C12DD-1589-4D23-AEFA-630794756406}.Debug|ARM.ActiveCfg = Debug|Any CPU
		{F47C12DD-1589-4D23-AEFA-630794756406}.Debug|ARM.Build.0 = Debug|Any CPU
		{F47C12DD-1589-4D23-AEFA-630794756406}.Debug|ARM64.ActiveCfg = Debug|Any CPU
		{F47C12DD-1589-4D23-AEFA-630794756406}.Debug|ARM64.Build.0 = Debug|Any CPU
		{F47C12DD-1589-4D23-AEFA-630794756406}.Debug|x64.ActiveCfg = Debug|Any CPU
		{F47C12DD-1589-4D23-AEFA-630794756406}.Debug|x64.Build.0 = Debug|Any CPU
		{F47C12DD-1589-4D23-AEFA-630794756406}.Debug|x86.ActiveCfg = Debug|Any CPU
		{F47C12DD-1589-4D23-AEFA-630794756406}.Debug|x86.Build.0 = Debug|Any CPU
		{F47C12DD-1589-4D23-AEFA-630794756406}.Release|Any CPU.ActiveCfg = Release|Any CPU
		{F47C12DD-1589-4D23-AEFA-630794756406}.Release|Any CPU.Build.0 = Release|Any CPU
		{F47C12DD-1589-4D23-AEFA-630794756406}.Release|ARM.ActiveCfg = Release|Any CPU
		{F47C12DD-1589-4D23-AEFA-630794756406}.Release|ARM.Build.0 = Release|Any CPU
		{F47C12DD-1589-4D23-AEFA-630794756406}.Release|ARM64.ActiveCfg = Release|Any CPU
		{F47C12DD-1589-4D23-AEFA-630794756406}.Release|ARM64.Build.0 = Release|Any CPU
		{F47C12DD-1589-4D23-AEFA-630794756406}.Release|x64.ActiveCfg = Release|Any CPU
		{F47C12DD-1589-4D23-AEFA-630794756406}.Release|x64.Build.0 = Release|Any CPU
		{F47C12DD-1589-4D23-AEFA-630794756406}.Release|x86.ActiveCfg = Release|Any CPU
		{F47C12DD-1589-4D23-AEFA-630794756406}.Release|x86.Build.0 = Release|Any CPU
		{8947F1CA-60C9-43E3-A6D2-908D2DC37206}.Debug|Any CPU.ActiveCfg = Debug|Any CPU
		{8947F1CA-60C9-43E3-A6D2-908D2DC37206}.Debug|Any CPU.Build.0 = Debug|Any CPU
		{8947F1CA-60C9-43E3-A6D2-908D2DC37206}.Debug|ARM.ActiveCfg = Debug|Any CPU
		{8947F1CA-60C9-43E3-A6D2-908D2DC37206}.Debug|ARM.Build.0 = Debug|Any CPU
		{8947F1CA-60C9-43E3-A6D2-908D2DC37206}.Debug|ARM64.ActiveCfg = Debug|Any CPU
		{8947F1CA-60C9-43E3-A6D2-908D2DC37206}.Debug|ARM64.Build.0 = Debug|Any CPU
		{8947F1CA-60C9-43E3-A6D2-908D2DC37206}.Debug|x64.ActiveCfg = Debug|Any CPU
		{8947F1CA-60C9-43E3-A6D2-908D2DC37206}.Debug|x64.Build.0 = Debug|Any CPU
		{8947F1CA-60C9-43E3-A6D2-908D2DC37206}.Debug|x86.ActiveCfg = Debug|Any CPU
		{8947F1CA-60C9-43E3-A6D2-908D2DC37206}.Debug|x86.Build.0 = Debug|Any CPU
		{8947F1CA-60C9-43E3-A6D2-908D2DC37206}.Release|Any CPU.ActiveCfg = Release|Any CPU
		{8947F1CA-60C9-43E3-A6D2-908D2DC37206}.Release|Any CPU.Build.0 = Release|Any CPU
		{8947F1CA-60C9-43E3-A6D2-908D2DC37206}.Release|ARM.ActiveCfg = Release|Any CPU
		{8947F1CA-60C9-43E3-A6D2-908D2DC37206}.Release|ARM.Build.0 = Release|Any CPU
		{8947F1CA-60C9-43E3-A6D2-908D2DC37206}.Release|ARM64.ActiveCfg = Release|Any CPU
		{8947F1CA-60C9-43E3-A6D2-908D2DC37206}.Release|ARM64.Build.0 = Release|Any CPU
		{8947F1CA-60C9-43E3-A6D2-908D2DC37206}.Release|x64.ActiveCfg = Release|Any CPU
		{8947F1CA-60C9-43E3-A6D2-908D2DC37206}.Release|x64.Build.0 = Release|Any CPU
		{8947F1CA-60C9-43E3-A6D2-908D2DC37206}.Release|x86.ActiveCfg = Release|Any CPU
		{8947F1CA-60C9-43E3-A6D2-908D2DC37206}.Release|x86.Build.0 = Release|Any CPU
		{87D79385-BA91-4E02-8269-AC1AEAE8D066}.Debug|Any CPU.ActiveCfg = Debug|Any CPU
		{87D79385-BA91-4E02-8269-AC1AEAE8D066}.Debug|Any CPU.Build.0 = Debug|Any CPU
		{87D79385-BA91-4E02-8269-AC1AEAE8D066}.Debug|ARM.ActiveCfg = Debug|Any CPU
		{87D79385-BA91-4E02-8269-AC1AEAE8D066}.Debug|ARM.Build.0 = Debug|Any CPU
		{87D79385-BA91-4E02-8269-AC1AEAE8D066}.Debug|ARM64.ActiveCfg = Debug|Any CPU
		{87D79385-BA91-4E02-8269-AC1AEAE8D066}.Debug|ARM64.Build.0 = Debug|Any CPU
		{87D79385-BA91-4E02-8269-AC1AEAE8D066}.Debug|x64.ActiveCfg = Debug|Any CPU
		{87D79385-BA91-4E02-8269-AC1AEAE8D066}.Debug|x64.Build.0 = Debug|Any CPU
		{87D79385-BA91-4E02-8269-AC1AEAE8D066}.Debug|x86.ActiveCfg = Debug|Any CPU
		{87D79385-BA91-4E02-8269-AC1AEAE8D066}.Debug|x86.Build.0 = Debug|Any CPU
		{87D79385-BA91-4E02-8269-AC1AEAE8D066}.Release|Any CPU.ActiveCfg = Release|Any CPU
		{87D79385-BA91-4E02-8269-AC1AEAE8D066}.Release|Any CPU.Build.0 = Release|Any CPU
		{87D79385-BA91-4E02-8269-AC1AEAE8D066}.Release|ARM.ActiveCfg = Release|Any CPU
		{87D79385-BA91-4E02-8269-AC1AEAE8D066}.Release|ARM.Build.0 = Release|Any CPU
		{87D79385-BA91-4E02-8269-AC1AEAE8D066}.Release|ARM64.ActiveCfg = Release|Any CPU
		{87D79385-BA91-4E02-8269-AC1AEAE8D066}.Release|ARM64.Build.0 = Release|Any CPU
		{87D79385-BA91-4E02-8269-AC1AEAE8D066}.Release|x64.ActiveCfg = Release|Any CPU
		{87D79385-BA91-4E02-8269-AC1AEAE8D066}.Release|x64.Build.0 = Release|Any CPU
		{87D79385-BA91-4E02-8269-AC1AEAE8D066}.Release|x86.ActiveCfg = Release|Any CPU
		{87D79385-BA91-4E02-8269-AC1AEAE8D066}.Release|x86.Build.0 = Release|Any CPU
		{53D5975C-E5BB-4EC9-9C77-E73C76DE5994}.Debug|Any CPU.ActiveCfg = Debug|Any CPU
		{53D5975C-E5BB-4EC9-9C77-E73C76DE5994}.Debug|Any CPU.Build.0 = Debug|Any CPU
		{53D5975C-E5BB-4EC9-9C77-E73C76DE5994}.Debug|ARM.ActiveCfg = Debug|Any CPU
		{53D5975C-E5BB-4EC9-9C77-E73C76DE5994}.Debug|ARM.Build.0 = Debug|Any CPU
		{53D5975C-E5BB-4EC9-9C77-E73C76DE5994}.Debug|ARM64.ActiveCfg = Debug|Any CPU
		{53D5975C-E5BB-4EC9-9C77-E73C76DE5994}.Debug|ARM64.Build.0 = Debug|Any CPU
		{53D5975C-E5BB-4EC9-9C77-E73C76DE5994}.Debug|x64.ActiveCfg = Debug|Any CPU
		{53D5975C-E5BB-4EC9-9C77-E73C76DE5994}.Debug|x64.Build.0 = Debug|Any CPU
		{53D5975C-E5BB-4EC9-9C77-E73C76DE5994}.Debug|x86.ActiveCfg = Debug|Any CPU
		{53D5975C-E5BB-4EC9-9C77-E73C76DE5994}.Debug|x86.Build.0 = Debug|Any CPU
		{53D5975C-E5BB-4EC9-9C77-E73C76DE5994}.Release|Any CPU.ActiveCfg = Release|Any CPU
		{53D5975C-E5BB-4EC9-9C77-E73C76DE5994}.Release|Any CPU.Build.0 = Release|Any CPU
		{53D5975C-E5BB-4EC9-9C77-E73C76DE5994}.Release|ARM.ActiveCfg = Release|Any CPU
		{53D5975C-E5BB-4EC9-9C77-E73C76DE5994}.Release|ARM.Build.0 = Release|Any CPU
		{53D5975C-E5BB-4EC9-9C77-E73C76DE5994}.Release|ARM64.ActiveCfg = Release|Any CPU
		{53D5975C-E5BB-4EC9-9C77-E73C76DE5994}.Release|ARM64.Build.0 = Release|Any CPU
		{53D5975C-E5BB-4EC9-9C77-E73C76DE5994}.Release|x64.ActiveCfg = Release|Any CPU
		{53D5975C-E5BB-4EC9-9C77-E73C76DE5994}.Release|x64.Build.0 = Release|Any CPU
		{53D5975C-E5BB-4EC9-9C77-E73C76DE5994}.Release|x86.ActiveCfg = Release|Any CPU
		{53D5975C-E5BB-4EC9-9C77-E73C76DE5994}.Release|x86.Build.0 = Release|Any CPU
		{0F799E24-BCEE-4F76-9CA2-AC9ACB630F85}.Debug|Any CPU.ActiveCfg = Debug|Any CPU
		{0F799E24-BCEE-4F76-9CA2-AC9ACB630F85}.Debug|Any CPU.Build.0 = Debug|Any CPU
		{0F799E24-BCEE-4F76-9CA2-AC9ACB630F85}.Debug|ARM.ActiveCfg = Debug|Any CPU
		{0F799E24-BCEE-4F76-9CA2-AC9ACB630F85}.Debug|ARM.Build.0 = Debug|Any CPU
		{0F799E24-BCEE-4F76-9CA2-AC9ACB630F85}.Debug|ARM64.ActiveCfg = Debug|Any CPU
		{0F799E24-BCEE-4F76-9CA2-AC9ACB630F85}.Debug|ARM64.Build.0 = Debug|Any CPU
		{0F799E24-BCEE-4F76-9CA2-AC9ACB630F85}.Debug|x64.ActiveCfg = Debug|Any CPU
		{0F799E24-BCEE-4F76-9CA2-AC9ACB630F85}.Debug|x64.Build.0 = Debug|Any CPU
		{0F799E24-BCEE-4F76-9CA2-AC9ACB630F85}.Debug|x86.ActiveCfg = Debug|Any CPU
		{0F799E24-BCEE-4F76-9CA2-AC9ACB630F85}.Debug|x86.Build.0 = Debug|Any CPU
		{0F799E24-BCEE-4F76-9CA2-AC9ACB630F85}.Release|Any CPU.ActiveCfg = Release|Any CPU
		{0F799E24-BCEE-4F76-9CA2-AC9ACB630F85}.Release|Any CPU.Build.0 = Release|Any CPU
		{0F799E24-BCEE-4F76-9CA2-AC9ACB630F85}.Release|ARM.ActiveCfg = Release|Any CPU
		{0F799E24-BCEE-4F76-9CA2-AC9ACB630F85}.Release|ARM.Build.0 = Release|Any CPU
		{0F799E24-BCEE-4F76-9CA2-AC9ACB630F85}.Release|ARM64.ActiveCfg = Release|Any CPU
		{0F799E24-BCEE-4F76-9CA2-AC9ACB630F85}.Release|ARM64.Build.0 = Release|Any CPU
		{0F799E24-BCEE-4F76-9CA2-AC9ACB630F85}.Release|x64.ActiveCfg = Release|Any CPU
		{0F799E24-BCEE-4F76-9CA2-AC9ACB630F85}.Release|x64.Build.0 = Release|Any CPU
		{0F799E24-BCEE-4F76-9CA2-AC9ACB630F85}.Release|x86.ActiveCfg = Release|Any CPU
		{0F799E24-BCEE-4F76-9CA2-AC9ACB630F85}.Release|x86.Build.0 = Release|Any CPU
		{D1DA6986-DD30-484C-BC68-516EAE748C41}.Debug|Any CPU.ActiveCfg = Debug|Any CPU
		{D1DA6986-DD30-484C-BC68-516EAE748C41}.Debug|Any CPU.Build.0 = Debug|Any CPU
		{D1DA6986-DD30-484C-BC68-516EAE748C41}.Debug|ARM.ActiveCfg = Debug|Any CPU
		{D1DA6986-DD30-484C-BC68-516EAE748C41}.Debug|ARM.Build.0 = Debug|Any CPU
		{D1DA6986-DD30-484C-BC68-516EAE748C41}.Debug|ARM64.ActiveCfg = Debug|Any CPU
		{D1DA6986-DD30-484C-BC68-516EAE748C41}.Debug|ARM64.Build.0 = Debug|Any CPU
		{D1DA6986-DD30-484C-BC68-516EAE748C41}.Debug|x64.ActiveCfg = Debug|Any CPU
		{D1DA6986-DD30-484C-BC68-516EAE748C41}.Debug|x64.Build.0 = Debug|Any CPU
		{D1DA6986-DD30-484C-BC68-516EAE748C41}.Debug|x86.ActiveCfg = Debug|Any CPU
		{D1DA6986-DD30-484C-BC68-516EAE748C41}.Debug|x86.Build.0 = Debug|Any CPU
		{D1DA6986-DD30-484C-BC68-516EAE748C41}.Release|Any CPU.ActiveCfg = Release|Any CPU
		{D1DA6986-DD30-484C-BC68-516EAE748C41}.Release|Any CPU.Build.0 = Release|Any CPU
		{D1DA6986-DD30-484C-BC68-516EAE748C41}.Release|ARM.ActiveCfg = Release|Any CPU
		{D1DA6986-DD30-484C-BC68-516EAE748C41}.Release|ARM.Build.0 = Release|Any CPU
		{D1DA6986-DD30-484C-BC68-516EAE748C41}.Release|ARM64.ActiveCfg = Release|Any CPU
		{D1DA6986-DD30-484C-BC68-516EAE748C41}.Release|ARM64.Build.0 = Release|Any CPU
		{D1DA6986-DD30-484C-BC68-516EAE748C41}.Release|x64.ActiveCfg = Release|Any CPU
		{D1DA6986-DD30-484C-BC68-516EAE748C41}.Release|x64.Build.0 = Release|Any CPU
		{D1DA6986-DD30-484C-BC68-516EAE748C41}.Release|x86.ActiveCfg = Release|Any CPU
		{D1DA6986-DD30-484C-BC68-516EAE748C41}.Release|x86.Build.0 = Release|Any CPU
		{1D66093C-897B-4CB3-B6CF-31FBE7B26212}.Debug|Any CPU.ActiveCfg = Debug|x64
		{1D66093C-897B-4CB3-B6CF-31FBE7B26212}.Debug|Any CPU.Build.0 = Debug|x64
		{1D66093C-897B-4CB3-B6CF-31FBE7B26212}.Debug|Any CPU.Deploy.0 = Debug|x64
		{1D66093C-897B-4CB3-B6CF-31FBE7B26212}.Debug|ARM.ActiveCfg = Debug|ARM
		{1D66093C-897B-4CB3-B6CF-31FBE7B26212}.Debug|ARM.Build.0 = Debug|ARM
		{1D66093C-897B-4CB3-B6CF-31FBE7B26212}.Debug|ARM.Deploy.0 = Debug|ARM
		{1D66093C-897B-4CB3-B6CF-31FBE7B26212}.Debug|ARM64.ActiveCfg = Debug|ARM64
		{1D66093C-897B-4CB3-B6CF-31FBE7B26212}.Debug|ARM64.Build.0 = Debug|ARM64
		{1D66093C-897B-4CB3-B6CF-31FBE7B26212}.Debug|ARM64.Deploy.0 = Debug|ARM64
		{1D66093C-897B-4CB3-B6CF-31FBE7B26212}.Debug|x64.ActiveCfg = Debug|x64
		{1D66093C-897B-4CB3-B6CF-31FBE7B26212}.Debug|x64.Build.0 = Debug|x64
		{1D66093C-897B-4CB3-B6CF-31FBE7B26212}.Debug|x64.Deploy.0 = Debug|x64
		{1D66093C-897B-4CB3-B6CF-31FBE7B26212}.Debug|x86.ActiveCfg = Debug|x86
		{1D66093C-897B-4CB3-B6CF-31FBE7B26212}.Debug|x86.Build.0 = Debug|x86
		{1D66093C-897B-4CB3-B6CF-31FBE7B26212}.Debug|x86.Deploy.0 = Debug|x86
		{1D66093C-897B-4CB3-B6CF-31FBE7B26212}.Release|Any CPU.ActiveCfg = Release|x64
		{1D66093C-897B-4CB3-B6CF-31FBE7B26212}.Release|Any CPU.Build.0 = Release|x64
		{1D66093C-897B-4CB3-B6CF-31FBE7B26212}.Release|Any CPU.Deploy.0 = Release|x64
		{1D66093C-897B-4CB3-B6CF-31FBE7B26212}.Release|ARM.ActiveCfg = Release|ARM
		{1D66093C-897B-4CB3-B6CF-31FBE7B26212}.Release|ARM.Build.0 = Release|ARM
		{1D66093C-897B-4CB3-B6CF-31FBE7B26212}.Release|ARM.Deploy.0 = Release|ARM
		{1D66093C-897B-4CB3-B6CF-31FBE7B26212}.Release|ARM64.ActiveCfg = Release|ARM64
		{1D66093C-897B-4CB3-B6CF-31FBE7B26212}.Release|ARM64.Build.0 = Release|ARM64
		{1D66093C-897B-4CB3-B6CF-31FBE7B26212}.Release|ARM64.Deploy.0 = Release|ARM64
		{1D66093C-897B-4CB3-B6CF-31FBE7B26212}.Release|x64.ActiveCfg = Release|x64
		{1D66093C-897B-4CB3-B6CF-31FBE7B26212}.Release|x64.Build.0 = Release|x64
		{1D66093C-897B-4CB3-B6CF-31FBE7B26212}.Release|x64.Deploy.0 = Release|x64
		{1D66093C-897B-4CB3-B6CF-31FBE7B26212}.Release|x86.ActiveCfg = Release|x86
		{1D66093C-897B-4CB3-B6CF-31FBE7B26212}.Release|x86.Build.0 = Release|x86
		{1D66093C-897B-4CB3-B6CF-31FBE7B26212}.Release|x86.Deploy.0 = Release|x86
		{1A637CFD-5583-44AC-8CB5-94575AE898C2}.Debug|Any CPU.ActiveCfg = Debug|Any CPU
		{1A637CFD-5583-44AC-8CB5-94575AE898C2}.Debug|Any CPU.Build.0 = Debug|Any CPU
		{1A637CFD-5583-44AC-8CB5-94575AE898C2}.Debug|ARM.ActiveCfg = Debug|Any CPU
		{1A637CFD-5583-44AC-8CB5-94575AE898C2}.Debug|ARM.Build.0 = Debug|Any CPU
		{1A637CFD-5583-44AC-8CB5-94575AE898C2}.Debug|ARM64.ActiveCfg = Debug|Any CPU
		{1A637CFD-5583-44AC-8CB5-94575AE898C2}.Debug|ARM64.Build.0 = Debug|Any CPU
		{1A637CFD-5583-44AC-8CB5-94575AE898C2}.Debug|x64.ActiveCfg = Debug|Any CPU
		{1A637CFD-5583-44AC-8CB5-94575AE898C2}.Debug|x64.Build.0 = Debug|Any CPU
		{1A637CFD-5583-44AC-8CB5-94575AE898C2}.Debug|x86.ActiveCfg = Debug|Any CPU
		{1A637CFD-5583-44AC-8CB5-94575AE898C2}.Debug|x86.Build.0 = Debug|Any CPU
		{1A637CFD-5583-44AC-8CB5-94575AE898C2}.Release|Any CPU.ActiveCfg = Release|Any CPU
		{1A637CFD-5583-44AC-8CB5-94575AE898C2}.Release|Any CPU.Build.0 = Release|Any CPU
		{1A637CFD-5583-44AC-8CB5-94575AE898C2}.Release|ARM.ActiveCfg = Release|Any CPU
		{1A637CFD-5583-44AC-8CB5-94575AE898C2}.Release|ARM.Build.0 = Release|Any CPU
		{1A637CFD-5583-44AC-8CB5-94575AE898C2}.Release|ARM64.ActiveCfg = Release|Any CPU
		{1A637CFD-5583-44AC-8CB5-94575AE898C2}.Release|ARM64.Build.0 = Release|Any CPU
		{1A637CFD-5583-44AC-8CB5-94575AE898C2}.Release|x64.ActiveCfg = Release|Any CPU
		{1A637CFD-5583-44AC-8CB5-94575AE898C2}.Release|x64.Build.0 = Release|Any CPU
		{1A637CFD-5583-44AC-8CB5-94575AE898C2}.Release|x86.ActiveCfg = Release|Any CPU
		{1A637CFD-5583-44AC-8CB5-94575AE898C2}.Release|x86.Build.0 = Release|Any CPU
		{F8091B5A-DBE2-4516-9904-7C22E58E7317}.Debug|Any CPU.ActiveCfg = Debug|Any CPU
		{F8091B5A-DBE2-4516-9904-7C22E58E7317}.Debug|Any CPU.Build.0 = Debug|Any CPU
		{F8091B5A-DBE2-4516-9904-7C22E58E7317}.Debug|ARM.ActiveCfg = Debug|Any CPU
		{F8091B5A-DBE2-4516-9904-7C22E58E7317}.Debug|ARM.Build.0 = Debug|Any CPU
		{F8091B5A-DBE2-4516-9904-7C22E58E7317}.Debug|ARM64.ActiveCfg = Debug|Any CPU
		{F8091B5A-DBE2-4516-9904-7C22E58E7317}.Debug|ARM64.Build.0 = Debug|Any CPU
		{F8091B5A-DBE2-4516-9904-7C22E58E7317}.Debug|x64.ActiveCfg = Debug|Any CPU
		{F8091B5A-DBE2-4516-9904-7C22E58E7317}.Debug|x64.Build.0 = Debug|Any CPU
		{F8091B5A-DBE2-4516-9904-7C22E58E7317}.Debug|x86.ActiveCfg = Debug|Any CPU
		{F8091B5A-DBE2-4516-9904-7C22E58E7317}.Debug|x86.Build.0 = Debug|Any CPU
		{F8091B5A-DBE2-4516-9904-7C22E58E7317}.Release|Any CPU.ActiveCfg = Release|Any CPU
		{F8091B5A-DBE2-4516-9904-7C22E58E7317}.Release|Any CPU.Build.0 = Release|Any CPU
		{F8091B5A-DBE2-4516-9904-7C22E58E7317}.Release|ARM.ActiveCfg = Release|Any CPU
		{F8091B5A-DBE2-4516-9904-7C22E58E7317}.Release|ARM.Build.0 = Release|Any CPU
		{F8091B5A-DBE2-4516-9904-7C22E58E7317}.Release|ARM64.ActiveCfg = Release|Any CPU
		{F8091B5A-DBE2-4516-9904-7C22E58E7317}.Release|ARM64.Build.0 = Release|Any CPU
		{F8091B5A-DBE2-4516-9904-7C22E58E7317}.Release|x64.ActiveCfg = Release|Any CPU
		{F8091B5A-DBE2-4516-9904-7C22E58E7317}.Release|x64.Build.0 = Release|Any CPU
		{F8091B5A-DBE2-4516-9904-7C22E58E7317}.Release|x86.ActiveCfg = Release|Any CPU
		{F8091B5A-DBE2-4516-9904-7C22E58E7317}.Release|x86.Build.0 = Release|Any CPU
	EndGlobalSection
	GlobalSection(SolutionProperties) = preSolution
		HideSolutionNode = FALSE
	EndGlobalSection
	GlobalSection(NestedProjects) = preSolution
		{E7112C73-ABAA-4266-B710-361F70463EB1} = {CBCC11E4-144D-437A-AF2D-4329938D651D}
		{C094B4F9-179C-49AE-989C-68E6A5CEFE19} = {CBCC11E4-144D-437A-AF2D-4329938D651D}
		{A8E3D0A8-892F-4C0F-A1DA-9E965C83A156} = {CBCC11E4-144D-437A-AF2D-4329938D651D}
		{86028E5C-3C83-46FD-AA30-C351A991DB97} = {CBCC11E4-144D-437A-AF2D-4329938D651D}
		{59082777-4FA0-4CAF-B715-18A61EA2BA70} = {CBCC11E4-144D-437A-AF2D-4329938D651D}
		{5ED229F8-7139-4349-828E-B788109D0FB2} = {CBCC11E4-144D-437A-AF2D-4329938D651D}
		{F47C12DD-1589-4D23-AEFA-630794756406} = {CBCC11E4-144D-437A-AF2D-4329938D651D}
		{8947F1CA-60C9-43E3-A6D2-908D2DC37206} = {CBCC11E4-144D-437A-AF2D-4329938D651D}
		{9BA9D1EA-99C5-4941-940B-62D7FDB51DF8} = {CBCC11E4-144D-437A-AF2D-4329938D651D}
		{87D79385-BA91-4E02-8269-AC1AEAE8D066} = {9BA9D1EA-99C5-4941-940B-62D7FDB51DF8}
		{53D5975C-E5BB-4EC9-9C77-E73C76DE5994} = {9BA9D1EA-99C5-4941-940B-62D7FDB51DF8}
		{0F799E24-BCEE-4F76-9CA2-AC9ACB630F85} = {9BA9D1EA-99C5-4941-940B-62D7FDB51DF8}
		{D1DA6986-DD30-484C-BC68-516EAE748C41} = {9BA9D1EA-99C5-4941-940B-62D7FDB51DF8}
		{1D66093C-897B-4CB3-B6CF-31FBE7B26212} = {9BA9D1EA-99C5-4941-940B-62D7FDB51DF8}
		{1A637CFD-5583-44AC-8CB5-94575AE898C2} = {9BA9D1EA-99C5-4941-940B-62D7FDB51DF8}
		{F8091B5A-DBE2-4516-9904-7C22E58E7317} = {CBCC11E4-144D-437A-AF2D-4329938D651D}
	EndGlobalSection
	GlobalSection(ExtensibilityGlobals) = postSolution
		SolutionGuid = {E95E8497-C330-4E12-B89B-010B851159AA}
	EndGlobalSection
EndGlobal
